
Microsoft Visual Studio Solution File, Format Version 12.00
# Visual Studio Version 16
VisualStudioVersion = 16.0.30225.117
MinimumVisualStudioVersion = 10.0.40219.1
Project("{FAE04EC0-301F-11D3-BF4B-00C04F79EFBC}") = "Final", "Final\Final.csproj", "{CFE01A5F-309F-4C8B-BA7C-74CA0DA98EEE}"
EndProject
Global
	GlobalSection(SolutionConfigurationPlatforms) = preSolution
		Debug|Any CPU = Debug|Any CPU
		Release|Any CPU = Release|Any CPU
	EndGlobalSection
	GlobalSection(ProjectConfigurationPlatforms) = postSolution
		{CFE01A5F-309F-4C8B-BA7C-74CA0DA98EEE}.Debug|Any CPU.ActiveCfg = Debug|Any CPU
		{CFE01A5F-309F-4C8B-BA7C-74CA0DA98EEE}.Debug|Any CPU.Build.0 = Debug|Any CPU
		{CFE01A5F-309F-4C8B-BA7C-74CA0DA98EEE}.Release|Any CPU.ActiveCfg = Release|Any CPU
		{CFE01A5F-309F-4C8B-BA7C-74CA0DA98EEE}.Release|Any CPU.Build.0 = Release|Any CPU
	EndGlobalSection
	GlobalSection(SolutionProperties) = preSolution
		HideSolutionNode = FALSE
	EndGlobalSection
	GlobalSection(ExtensibilityGlobals) = postSolution
		SolutionGuid = {31F01CA0-FA88-4F0D-B118-88578F59C26F}
	EndGlobalSection
EndGlobal
